# This file was autogenerated by Stack.
# You should not edit this file by hand.
# For more information, please see the documentation at:
#   https://docs.haskellstack.org/en/stable/lock_files

packages:
- completed:
    hackage: gogol-apps-calendar-0.5.0@sha256:7c02f3b58e832037f0ef5efd6ecf62529e0628699d1661cdf1bce0a7c879a234,3550
    pantry-tree:
      size: 4091
      sha256: ff2d575724ed9f39e1aaaecfc8eec711b3c3a21c31f9d941f224335d98a98559
  original:
    hackage: gogol-apps-calendar-0.5.0@sha256:7c02f3b58e832037f0ef5efd6ecf62529e0628699d1661cdf1bce0a7c879a234,3550
- completed:
    hackage: gogol-core-0.5.0@sha256:c0a919cd89a33de7fd6ee925abdb48b0eb5d1002a016124acbdff568f267e4c7,2821
    pantry-tree:
      size: 686
      sha256: f3c803da46a2df6987b72098b3e7c6c2c0aeb141335d2a0d5630b210401bc2c8
  original:
    hackage: gogol-core-0.5.0@sha256:c0a919cd89a33de7fd6ee925abdb48b0eb5d1002a016124acbdff568f267e4c7,2821
- completed:
    hackage: gogol-0.5.0@sha256:01b38acf97ae0afb2465935fee1bebce03c1b84e629cf0887467be7ae361f0a7,3222
    pantry-tree:
      size: 1243
      sha256: ab472e169f12b97837cdfca2262b2d6fb569ae17876cbc10e97186944a401866
  original:
    hackage: gogol-0.5.0
snapshots:
- completed:
    size: 523884
    url: https://raw.githubusercontent.com/commercialhaskell/stackage-snapshots/master/lts/14/4.yaml
    sha256: 16f24be248b42c9e16d59db84378836b1e7c239448a041cae46d32daffa45a8b
  original: lts-14.4
